# THIS IS AN AUTOGENERATED FILE. DO NOT EDIT THIS FILE DIRECTLY.
# yarn lockfile v1


"@openzeppelin/contracts@^4.8.2":
  version "4.9.3"
  resolved "https://registry.yarnpkg.com/@openzeppelin/contracts/-/contracts-4.9.3.tgz#00d7a8cf35a475b160b3f0293a6403c511099364"
  integrity sha512-He3LieZ1pP2TNt5JbkPA4PNT9WC3gOTOlDcFGJW4Le4QKqwmiNJCRt44APfxMxvq7OugU/cqYuPcSBzOw38DAg==

"@phala/solidity@^0.0.3":
  version "0.0.3"
  resolved "https://registry.yarnpkg.com/@phala/solidity/-/solidity-0.0.3.tgz#9aebf435cacb1d26ad73b96eb785cc7cff2e7b31"
  integrity sha512-i017Ye2DJ+m/hxrI/rTbEBELSTinveS7hr6BQQUJIKk0snvKly3JzmjnpmKXirAD51A++theE+DQLAwZ3bfmkw==
  dependencies:
    "@openzeppelin/contracts" "^4.8.2"
    dotenv "^16.0.3"

dotenv@^16.0.3:
  version "16.3.1"
  resolved "https://registry.yarnpkg.com/dotenv/-/dotenv-16.3.1.tgz#369034de7d7e5b120972693352a3bf112172cc3e"
  integrity sha512-IPzF4w4/Rd94bA9imS68tZBaYyBWSCE47V1RGuMrB94iyTOIEwRmVL2x/4An+6mETpLrKJ5hQkB8W4kFAadeIQ==
